
Microsoft Visual Studio Solution File, Format Version 12.00
# Visual Studio 2012
Project("{FAE04EC0-301F-11D3-BF4B-00C04F79EFBC}") = "xamarintraining", "xamarintraining\xamarintraining.csproj", "{8D8BC505-5735-4379-B2B3-7F84888762D7}"
EndProject
Project("{FAE04EC0-301F-11D3-BF4B-00C04F79EFBC}") = "xamarintraining.Droid", "Droid\xamarintraining.Droid.csproj", "{3EC56318-FA4F-40B2-955E-EA2A24CC4495}"
EndProject
Project("{FAE04EC0-301F-11D3-BF4B-00C04F79EFBC}") = "xamarintraining.iOS", "iOS\xamarintraining.iOS.csproj", "{A474A218-4091-4053-90A7-788F547BB1D6}"
EndProject
Global
	GlobalSection(SolutionConfigurationPlatforms) = preSolution
		Debug|Any CPU = Debug|Any CPU
		Release|Any CPU = Release|Any CPU
		Debug|iPhoneSimulator = Debug|iPhoneSimulator
		Release|iPhone = Release|iPhone
		Release|iPhoneSimulator = Release|iPhoneSimulator
		Debug|iPhone = Debug|iPhone
	EndGlobalSection
	GlobalSection(ProjectConfigurationPlatforms) = postSolution
		{8D8BC505-5735-4379-B2B3-7F84888762D7}.Debug|Any CPU.ActiveCfg = Debug|Any CPU
		{8D8BC505-5735-4379-B2B3-7F84888762D7}.Debug|Any CPU.Build.0 = Debug|Any CPU
		{8D8BC505-5735-4379-B2B3-7F84888762D7}.Release|Any CPU.ActiveCfg = Release|Any CPU
		{8D8BC505-5735-4379-B2B3-7F84888762D7}.Release|Any CPU.Build.0 = Release|Any CPU
		{8D8BC505-5735-4379-B2B3-7F84888762D7}.Debug|iPhoneSimulator.ActiveCfg = Debug|Any CPU
		{8D8BC505-5735-4379-B2B3-7F84888762D7}.Debug|iPhoneSimulator.Build.0 = Debug|Any CPU
		{8D8BC505-5735-4379-B2B3-7F84888762D7}.Release|iPhone.ActiveCfg = Release|Any CPU
		{8D8BC505-5735-4379-B2B3-7F84888762D7}.Release|iPhone.Build.0 = Release|Any CPU
		{8D8BC505-5735-4379-B2B3-7F84888762D7}.Release|iPhoneSimulator.ActiveCfg = Release|Any CPU
		{8D8BC505-5735-4379-B2B3-7F84888762D7}.Release|iPhoneSimulator.Build.0 = Release|Any CPU
		{8D8BC505-5735-4379-B2B3-7F84888762D7}.Debug|iPhone.ActiveCfg = Debug|Any CPU
		{8D8BC505-5735-4379-B2B3-7F84888762D7}.Debug|iPhone.Build.0 = Debug|Any CPU
		{3EC56318-FA4F-40B2-955E-EA2A24CC4495}.Debug|Any CPU.ActiveCfg = Debug|Any CPU
		{3EC56318-FA4F-40B2-955E-EA2A24CC4495}.Debug|Any CPU.Build.0 = Debug|Any CPU
		{3EC56318-FA4F-40B2-955E-EA2A24CC4495}.Release|Any CPU.ActiveCfg = Release|Any CPU
		{3EC56318-FA4F-40B2-955E-EA2A24CC4495}.Release|Any CPU.Build.0 = Release|Any CPU
		{3EC56318-FA4F-40B2-955E-EA2A24CC4495}.Debug|iPhoneSimulator.ActiveCfg = Debug|Any CPU
		{3EC56318-FA4F-40B2-955E-EA2A24CC4495}.Debug|iPhoneSimulator.Build.0 = Debug|Any CPU
		{3EC56318-FA4F-40B2-955E-EA2A24CC4495}.Release|iPhone.ActiveCfg = Release|Any CPU
		{3EC56318-FA4F-40B2-955E-EA2A24CC4495}.Release|iPhone.Build.0 = Release|Any CPU
		{3EC56318-FA4F-40B2-955E-EA2A24CC4495}.Release|iPhoneSimulator.ActiveCfg = Release|Any CPU
		{3EC56318-FA4F-40B2-955E-EA2A24CC4495}.Release|iPhoneSimulator.Build.0 = Release|Any CPU
		{3EC56318-FA4F-40B2-955E-EA2A24CC4495}.Debug|iPhone.ActiveCfg = Debug|Any CPU
		{3EC56318-FA4F-40B2-955E-EA2A24CC4495}.Debug|iPhone.Build.0 = Debug|Any CPU
		{A474A218-4091-4053-90A7-788F547BB1D6}.Debug|Any CPU.ActiveCfg = Debug|iPhoneSimulator
		{A474A218-4091-4053-90A7-788F547BB1D6}.Debug|Any CPU.Build.0 = Debug|iPhoneSimulator
		{A474A218-4091-4053-90A7-788F547BB1D6}.Release|Any CPU.ActiveCfg = Release|iPhone
		{A474A218-4091-4053-90A7-788F547BB1D6}.Release|Any CPU.Build.0 = Release|iPhone
		{A474A218-4091-4053-90A7-788F547BB1D6}.Debug|iPhoneSimulator.ActiveCfg = Debug|iPhoneSimulator
		{A474A218-4091-4053-90A7-788F547BB1D6}.Debug|iPhoneSimulator.Build.0 = Debug|iPhoneSimulator
		{A474A218-4091-4053-90A7-788F547BB1D6}.Release|iPhone.ActiveCfg = Release|iPhone
		{A474A218-4091-4053-90A7-788F547BB1D6}.Release|iPhone.Build.0 = Release|iPhone
		{A474A218-4091-4053-90A7-788F547BB1D6}.Release|iPhoneSimulator.ActiveCfg = Release|iPhoneSimulator
		{A474A218-4091-4053-90A7-788F547BB1D6}.Release|iPhoneSimulator.Build.0 = Release|iPhoneSimulator
		{A474A218-4091-4053-90A7-788F547BB1D6}.Debug|iPhone.ActiveCfg = Debug|iPhone
		{A474A218-4091-4053-90A7-788F547BB1D6}.Debug|iPhone.Build.0 = Debug|iPhone
	EndGlobalSection
EndGlobal
